
Microsoft Visual Studio Solution File, Format Version 12.00
# Visual Studio Version 16
VisualStudioVersion = 16.0.29920.165
MinimumVisualStudioVersion = 10.0.40219.1
Project("{FAE04EC0-301F-11D3-BF4B-00C04F79EFBC}") = "Seating", "Seating.csproj", "{D520238D-2089-4284-AF31-6417F2F6EE57}"
EndProject
Global
	GlobalSection(SolutionConfigurationPlatforms) = preSolution
		Debug|Any CPU = Debug|Any CPU
		Release|Any CPU = Release|Any CPU
	EndGlobalSection
	GlobalSection(ProjectConfigurationPlatforms) = postSolution
		{D520238D-2089-4284-AF31-6417F2F6EE57}.Debug|Any CPU.ActiveCfg = Debug|Any CPU
		{D520238D-2089-4284-AF31-6417F2F6EE57}.Debug|Any CPU.Build.0 = Debug|Any CPU
		{D520238D-2089-4284-AF31-6417F2F6EE57}.Release|Any CPU.ActiveCfg = Release|Any CPU
		{D520238D-2089-4284-AF31-6417F2F6EE57}.Release|Any CPU.Build.0 = Release|Any CPU
	EndGlobalSection
	GlobalSection(SolutionProperties) = preSolution
		HideSolutionNode = FALSE
	EndGlobalSection
	GlobalSection(ExtensibilityGlobals) = postSolution
		SolutionGuid = {5E66489F-D52A-4F53-9E15-3E2153F9C922}
	EndGlobalSection
EndGlobal
